
Microsoft Visual Studio Solution File, Format Version 12.00
# Visual Studio Version 17
VisualStudioVersion = 17.9.34607.119
MinimumVisualStudioVersion = 10.0.40219.1
Project("{FAE04EC0-301F-11D3-BF4B-00C04F79EFBC}") = "productSystem", "productSystem.csproj", "{649DE398-99F4-43AD-A609-2F167BA0D488}"
EndProject
Global
	GlobalSection(SolutionConfigurationPlatforms) = preSolution
		Debug|Any CPU = Debug|Any CPU
		Release|Any CPU = Release|Any CPU
	EndGlobalSection
	GlobalSection(ProjectConfigurationPlatforms) = postSolution
		{649DE398-99F4-43AD-A609-2F167BA0D488}.Debug|Any CPU.ActiveCfg = Debug|Any CPU
		{649DE398-99F4-43AD-A609-2F167BA0D488}.Debug|Any CPU.Build.0 = Debug|Any CPU
		{649DE398-99F4-43AD-A609-2F167BA0D488}.Release|Any CPU.ActiveCfg = Release|Any CPU
		{649DE398-99F4-43AD-A609-2F167BA0D488}.Release|Any CPU.Build.0 = Release|Any CPU
	EndGlobalSection
	GlobalSection(SolutionProperties) = preSolution
		HideSolutionNode = FALSE
	EndGlobalSection
	GlobalSection(ExtensibilityGlobals) = postSolution
		SolutionGuid = {C5235C0C-D942-40A9-88DA-D1E4153FEB1F}
	EndGlobalSection
EndGlobal
